PODS:
  - Argo (4.1.2):
    - Runes (>= 4.0.0)
  - Changeset (3.1)
  - Curry (3.0.0)
  - Cycle (0.0.11):
    - Changeset (= 3.1)
    - RxSwift (~> 4.0)
  - Runes (4.1.0)
  - RxCocoa (4.2.0):
    - RxSwift (~> 4.0)
  - RxCoreMotion (1.3.0):
    - RxSwift (~> 4.0)
  - RxSwift (4.2.0)
  - RxSwiftExt (3.3.0):
    - RxSwiftExt/Core (= 3.3.0)
  - RxSwiftExt/Core (3.3.0):
    - RxSwift (~> 4.0)
  - RxTest (4.2.0):
    - RxSwift (~> 4.0)
  - Wrap (2.1.1)

DEPENDENCIES:
  - Argo (~> 4.0)
  - Curry (~> 3.0)
  - Cycle (~> 0.0.11)
  - RxCocoa (~> 4.0)
  - RxCoreMotion
  - RxSwift (~> 4.0)
  - RxSwiftExt
  - RxTest
  - Wrap (~> 2.1.1)

SPEC REPOS:
  https://github.com/cocoapods/specs.git:
    - Argo
    - Changeset
    - Curry
    - Cycle
    - Runes
    - RxCocoa
    - RxCoreMotion
    - RxSwift
    - RxSwiftExt
    - RxTest
    - Wrap

SPEC CHECKSUMS:
  Argo: 5db06502fc1222d83011f574243089dab25202ff
  Changeset: 2c246447b9ed25c1ed6f40c29a235e154917b1d1
  Curry: eb3d2c75aec678b3cc7fb2729d2ad6dd121531d1
  Cycle: dbd6e60885b7249d095491e7353bc1df00045b9f
  Runes: 72a67a5bbbe1b5fdae08b5a01b10c60d83fc69aa
  RxCocoa: 0b54909c902e1e581212a03e690bbd94032d8baa
  RxCoreMotion: b2c5ea9451c53f1ae3d2e30eb0e9b034d04b584f
  RxSwift: 99e10317ddfcc7fbe01356aafd118fde4a0be104
  RxSwiftExt: 81afb48ab0602f503147417baeb3989d64c7687d
  RxTest: 8da864c0ee47534f586ff18fb0c7e5b2f1fe5023
  Wrap: 9cc7da7551bb81d0846cb3df9fb624c6c32d267d

PODFILE CHECKSUM: f97e149b9e46a959c49c6dcd20d9da3076b00ec7

COCOAPODS: 1.5.3
